// !$*UTF8*$!
{
	archiveVersion = 1;
	classes = {
	};
	objectVersion = 55;
	objects = {

/* Begin PBXBuildFile section */
		CB88ADE02830DB880042587C /* AppDelegate.swift in Sources */ = {isa = PBXBuildFile; fileRef = CB88ADDF2830DB880042587C /* AppDelegate.swift */; };
		CB88ADE22830DB880042587C /* SceneDelegate.swift in Sources */ = {isa = PBXBuildFile; fileRef = CB88ADE12830DB880042587C /* SceneDelegate.swift */; };
		CB88ADE42830DB880042587C /* ViewController.swift in Sources */ = {isa = PBXBuildFile; fileRef = CB88ADE32830DB880042587C /* ViewController.swift */; };
		CB88ADE72830DB880042587C /* Main.storyboard in Resources */ = {isa = PBXBuildFile; fileRef = CB88ADE52830DB880042587C /* Main.storyboard */; };
		CB88ADE92830DB8A0042587C /* Assets.xcassets in Resources */ = {isa = PBXBuildFile; fileRef = CB88ADE82830DB8A0042587C /* Assets.xcassets */; };
		CB88ADEC2830DB8A0042587C /* LaunchScreen.storyboard in Resources */ = {isa = PBXBuildFile; fileRef = CB88ADEA2830DB8A0042587C /* LaunchScreen.storyboard */; };
		CB88ADF72830DB8A0042587C /* tsuprojectTests.swift in Sources */ = {isa = PBXBuildFile; fileRef = CB88ADF62830DB8A0042587C /* tsuprojectTests.swift */; };
		CB88AE012830DB8A0042587C /* tsuprojectUITests.swift in Sources */ = {isa = PBXBuildFile; fileRef = CB88AE002830DB8A0042587C /* tsuprojectUITests.swift */; };
		CB88AE032830DB8A0042587C /* tsuprojectUITestsLaunchTests.swift in Sources */ = {isa = PBXBuildFile; fileRef = CB88AE022830DB8A0042587C /* tsuprojectUITestsLaunchTests.swift */; };
		D25EFA41283877C700FAE83F /* ImageRotation.swift in Sources */ = {isa = PBXBuildFile; fileRef = D25EFA40283877C700FAE83F /* ImageRotation.swift */; };
		D25EFA43283877DD00FAE83F /* ImageScaling.swift in Sources */ = {isa = PBXBuildFile; fileRef = D25EFA42283877DD00FAE83F /* ImageScaling.swift */; };
		D2D5A1E02830E82D00DE8927 /* ImageFilter.swift in Sources */ = {isa = PBXBuildFile; fileRef = D2D5A1DD2830E82D00DE8927 /* ImageFilter.swift */; };
/* End PBXBuildFile section */

/* Begin PBXContainerItemProxy section */
		CB88ADF32830DB8A0042587C /* PBXContainerItemProxy */ = {
			isa = PBXContainerItemProxy;
			containerPortal = CB88ADD42830DB880042587C /* Project object */;
			proxyType = 1;
			remoteGlobalIDString = CB88ADDB2830DB880042587C;
			remoteInfo = tsuproject;
		};
		CB88ADFD2830DB8A0042587C /* PBXContainerItemProxy */ = {
			isa = PBXContainerItemProxy;
			containerPortal = CB88ADD42830DB880042587C /* Project object */;
			proxyType = 1;
			remoteGlobalIDString = CB88ADDB2830DB880042587C;
			remoteInfo = tsuproject;
		};
/* End PBXContainerItemProxy section */

/* Begin PBXFileReference section */
		CB88ADDC2830DB880042587C /* tsuproject.app */ = {isa = PBXFileReference; explicitFileType = wrapper.application; includeInIndex = 0; path = tsuproject.app; sourceTree = BUILT_PRODUCTS_DIR; };
		CB88ADDF2830DB880042587C /* AppDelegate.swift */ = {isa = PBXFileReference; lastKnownFileType = sourcecode.swift; path = AppDelegate.swift; sourceTree = "<group>"; };
		CB88ADE12830DB880042587C /* SceneDelegate.swift */ = {isa = PBXFileReference; lastKnownFileType = sourcecode.swift; path = SceneDelegate.swift; sourceTree = "<group>"; };
		CB88ADE32830DB880042587C /* ViewController.swift */ = {isa = PBXFileReference; lastKnownFileType = sourcecode.swift; path = ViewController.swift; sourceTree = "<group>"; };
		CB88ADE62830DB880042587C /* Base */ = {isa = PBXFileReference; lastKnownFileType = file.storyboard; name = Base; path = Base.lproj/Main.storyboard; sourceTree = "<group>"; };
		CB88ADE82830DB8A0042587C /* Assets.xcassets */ = {isa = PBXFileReference; lastKnownFileType = folder.assetcatalog; path = Assets.xcassets; sourceTree = "<group>"; };
		CB88ADEB2830DB8A0042587C /* Base */ = {isa = PBXFileReference; lastKnownFileType = file.storyboard; name = Base; path = Base.lproj/LaunchScreen.storyboard; sourceTree = "<group>"; };
		CB88ADED2830DB8A0042587C /* Info.plist */ = {isa = PBXFileReference; lastKnownFileType = text.plist.xml; path = Info.plist; sourceTree = "<group>"; };
		CB88ADF22830DB8A0042587C /* tsuprojectTests.xctest */ = {isa = PBXFileReference; explicitFileType = wrapper.cfbundle; includeInIndex = 0; path = tsuprojectTests.xctest; sourceTree = BUILT_PRODUCTS_DIR; };
		CB88ADF62830DB8A0042587C /* tsuprojectTests.swift */ = {isa = PBXFileReference; lastKnownFileType = sourcecode.swift; path = tsuprojectTests.swift; sourceTree = "<group>"; };
		CB88ADFC2830DB8A0042587C /* tsuprojectUITests.xctest */ = {isa = PBXFileReference; explicitFileType = wrapper.cfbundle; includeInIndex = 0; path = tsuprojectUITests.xctest; sourceTree = BUILT_PRODUCTS_DIR; };
		CB88AE002830DB8A0042587C /* tsuprojectUITests.swift */ = {isa = PBXFileReference; lastKnownFileType = sourcecode.swift; path = tsuprojectUITests.swift; sourceTree = "<group>"; };
		CB88AE022830DB8A0042587C /* tsuprojectUITestsLaunchTests.swift */ = {isa = PBXFileReference; lastKnownFileType = sourcecode.swift; path = tsuprojectUITestsLaunchTests.swift; sourceTree = "<group>"; };
		D25EFA40283877C700FAE83F /* ImageRotation.swift */ = {isa = PBXFileReference; fileEncoding = 4; lastKnownFileType = sourcecode.swift; name = ImageRotation.swift; path = tsuproject/ImageRotation.swift; sourceTree = SOURCE_ROOT; };
		D25EFA42283877DD00FAE83F /* ImageScaling.swift */ = {isa = PBXFileReference; fileEncoding = 4; lastKnownFileType = sourcecode.swift; path = ImageScaling.swift; sourceTree = "<group>"; };
		D2D5A1DD2830E82D00DE8927 /* ImageFilter.swift */ = {isa = PBXFileReference; fileEncoding = 4; lastKnownFileType = sourcecode.swift; name = ImageFilter.swift; path = ../../TSU_App/ImageFilter.swift; sourceTree = "<group>"; };
/* End PBXFileReference section */

/* Begin PBXFrameworksBuildPhase section */
		CB88ADD92830DB880042587C /* Frameworks */ = {
			isa = PBXFrameworksBuildPhase;
			buildActionMask = 2147483647;
			files = (
			);
			runOnlyForDeploymentPostprocessing = 0;
		};
		CB88ADEF2830DB8A0042587C /* Frameworks */ = {
			isa = PBXFrameworksBuildPhase;
			buildActionMask = 2147483647;
			files = (
			);
			runOnlyForDeploymentPostprocessing = 0;
		};
		CB88ADF92830DB8A0042587C /* Frameworks */ = {
			isa = PBXFrameworksBuildPhase;
			buildActionMask = 2147483647;
			files = (
			);
			runOnlyForDeploymentPostprocessing = 0;
		};
/* End PBXFrameworksBuildPhase section */

/* Begin PBXGroup section */
		CB88ADD32830DB880042587C = {
			isa = PBXGroup;
			children = (
				CB88ADDE2830DB880042587C /* tsuproject */,
				CB88ADF52830DB8A0042587C /* tsuprojectTests */,
				CB88ADFF2830DB8A0042587C /* tsuprojectUITests */,
				CB88ADDD2830DB880042587C /* Products */,
			);
			sourceTree = "<group>";
		};
		CB88ADDD2830DB880042587C /* Products */ = {
			isa = PBXGroup;
			children = (
				CB88ADDC2830DB880042587C /* tsuproject.app */,
				CB88ADF22830DB8A0042587C /* tsuprojectTests.xctest */,
				CB88ADFC2830DB8A0042587C /* tsuprojectUITests.xctest */,
			);
			name = Products;
			sourceTree = "<group>";
		};
		CB88ADDE2830DB880042587C /* tsuproject */ = {
			isa = PBXGroup;
			children = (
				CB88ADDF2830DB880042587C /* AppDelegate.swift */,
				CB88ADE12830DB880042587C /* SceneDelegate.swift */,
				CB88ADE32830DB880042587C /* ViewController.swift */,
				D2D5A1DD2830E82D00DE8927 /* ImageFilter.swift */,
				D25EFA40283877C700FAE83F /* ImageRotation.swift */,
				D25EFA42283877DD00FAE83F /* ImageScaling.swift */,
				CB88ADE52830DB880042587C /* Main.storyboard */,
				CB88ADE82830DB8A0042587C /* Assets.xcassets */,
				CB88ADEA2830DB8A0042587C /* LaunchScreen.storyboard */,
				CB88ADED2830DB8A0042587C /* Info.plist */,
			);
			path = tsuproject;
			sourceTree = "<group>";
		};
		CB88ADF52830DB8A0042587C /* tsuprojectTests */ = {
			isa = PBXGroup;
			children = (
				CB88ADF62830DB8A0042587C /* tsuprojectTests.swift */,
			);
			path = tsuprojectTests;
			sourceTree = "<group>";
		};
		CB88ADFF2830DB8A0042587C /* tsuprojectUITests */ = {
			isa = PBXGroup;
			children = (
				CB88AE002830DB8A0042587C /* tsuprojectUITests.swift */,
				CB88AE022830DB8A0042587C /* tsuprojectUITestsLaunchTests.swift */,
			);
			path = tsuprojectUITests;
			sourceTree = "<group>";
		};
/* End PBXGroup section */

/* Begin PBXNativeTarget section */
		CB88ADDB2830DB880042587C /* tsuproject */ = {
			isa = PBXNativeTarget;
			buildConfigurationList = CB88AE062830DB8A0042587C /* Build configuration list for PBXNativeTarget "tsuproject" */;
			buildPhases = (
				CB88ADD82830DB880042587C /* Sources */,
				CB88ADD92830DB880042587C /* Frameworks */,
				CB88ADDA2830DB880042587C /* Resources */,
			);
			buildRules = (
			);
			dependencies = (
			);
			name = tsuproject;
			productName = tsuproject;
			productReference = CB88ADDC2830DB880042587C /* tsuproject.app */;
			productType = "com.apple.product-type.application";
		};
		CB88ADF12830DB8A0042587C /* tsuprojectTests */ = {
			isa = PBXNativeTarget;
			buildConfigurationList = CB88AE092830DB8A0042587C /* Build configuration list for PBXNativeTarget "tsuprojectTests" */;
			buildPhases = (
				CB88ADEE2830DB8A0042587C /* Sources */,
				CB88ADEF2830DB8A0042587C /* Frameworks */,
				CB88ADF02830DB8A0042587C /* Resources */,
			);
			buildRules = (
			);
			dependencies = (
				CB88ADF42830DB8A0042587C /* PBXTargetDependency */,
			);
			name = tsuprojectTests;
			productName = tsuprojectTests;
			productReference = CB88ADF22830DB8A0042587C /* tsuprojectTests.xctest */;
			productType = "com.apple.product-type.bundle.unit-test";
		};
		CB88ADFB2830DB8A0042587C /* tsuprojectUITests */ = {
			isa = PBXNativeTarget;
			buildConfigurationList = CB88AE0C2830DB8A0042587C /* Build configuration list for PBXNativeTarget "tsuprojectUITests" */;
			buildPhases = (
				CB88ADF82830DB8A0042587C /* Sources */,
				CB88ADF92830DB8A0042587C /* Frameworks */,
				CB88ADFA2830DB8A0042587C /* Resources */,
			);
			buildRules = (
			);
			dependencies = (
				CB88ADFE2830DB8A0042587C /* PBXTargetDependency */,
			);
			name = tsuprojectUITests;
			productName = tsuprojectUITests;
			productReference = CB88ADFC2830DB8A0042587C /* tsuprojectUITests.xctest */;
			productType = "com.apple.product-type.bundle.ui-testing";
		};
/* End PBXNativeTarget section */

/* Begin PBXProject section */
		CB88ADD42830DB880042587C /* Project object */ = {
			isa = PBXProject;
			attributes = {
				BuildIndependentTargetsInParallel = 1;
				LastSwiftUpdateCheck = 1320;
				LastUpgradeCheck = 1320;
				TargetAttributes = {
					CB88ADDB2830DB880042587C = {
						CreatedOnToolsVersion = 13.2.1;
						LastSwiftMigration = 1330;
					};
					CB88ADF12830DB8A0042587C = {
						CreatedOnToolsVersion = 13.2.1;
						TestTargetID = CB88ADDB2830DB880042587C;
					};
					CB88ADFB2830DB8A0042587C = {
						CreatedOnToolsVersion = 13.2.1;
						TestTargetID = CB88ADDB2830DB880042587C;
					};
				};
			};
			buildConfigurationList = CB88ADD72830DB880042587C /* Build configuration list for PBXProject "tsuproject" */;
			compatibilityVersion = "Xcode 13.0";
			developmentRegion = en;
			hasScannedForEncodings = 0;
			knownRegions = (
				en,
				Base,
			);
			mainGroup = CB88ADD32830DB880042587C;
			productRefGroup = CB88ADDD2830DB880042587C /* Products */;
			projectDirPath = "";
			projectRoot = "";
			targets = (
				CB88ADDB2830DB880042587C /* tsuproject */,
				CB88ADF12830DB8A0042587C /* tsuprojectTests */,
				CB88ADFB2830DB8A0042587C /* tsuprojectUITests */,
			);
		};
/* End PBXProject section */

/* Begin PBXResourcesBuildPhase section */
		CB88ADDA2830DB880042587C /* Resources */ = {
			isa = PBXResourcesBuildPhase;
			buildActionMask = 2147483647;
			files = (
				CB88ADEC2830DB8A0042587C /* LaunchScreen.storyboard in Resources */,
				CB88ADE92830DB8A0042587C /* Assets.xcassets in Resources */,
				CB88ADE72830DB880042587C /* Main.storyboard in Resources */,
			);
			runOnlyForDeploymentPostprocessing = 0;
		};
		CB88ADF02830DB8A0042587C /* Resources */ = {
			isa = PBXResourcesBuildPhase;
			buildActionMask = 2147483647;
			files = (
			);
			runOnlyForDeploymentPostprocessing = 0;
		};
		CB88ADFA2830DB8A0042587C /* Resources */ = {
			isa = PBXResourcesBuildPhase;
			buildActionMask = 2147483647;
			files = (
			);
			runOnlyForDeploymentPostprocessing = 0;
		};
/* End PBXResourcesBuildPhase section */

/* Begin PBXSourcesBuildPhase section */
		CB88ADD82830DB880042587C /* Sources */ = {
			isa = PBXSourcesBuildPhase;
			buildActionMask = 2147483647;
			files = (
				D25EFA41283877C700FAE83F /* ImageRotation.swift in Sources */,
				CB88ADE42830DB880042587C /* ViewController.swift in Sources */,
				D2D5A1E02830E82D00DE8927 /* ImageFilter.swift in Sources */,
				CB88ADE02830DB880042587C /* AppDelegate.swift in Sources */,
				CB88ADE22830DB880042587C /* SceneDelegate.swift in Sources */,
				D25EFA43283877DD00FAE83F /* ImageScaling.swift in Sources */,
			);
			runOnlyForDeploymentPostprocessing = 0;
		};
		CB88ADEE2830DB8A0042587C /* Sources */ = {
			isa = PBXSourcesBuildPhase;
			buildActionMask = 2147483647;
			files = (
				CB88ADF72830DB8A0042587C /* tsuprojectTests.swift in Sources */,
			);
			runOnlyForDeploymentPostprocessing = 0;
		};
		CB88ADF82830DB8A0042587C /* Sources */ = {
			isa = PBXSourcesBuildPhase;
			buildActionMask = 2147483647;
			files = (
				CB88AE012830DB8A0042587C /* tsuprojectUITests.swift in Sources */,
				CB88AE032830DB8A0042587C /* tsuprojectUITestsLaunchTests.swift in Sources */,
			);
			runOnlyForDeploymentPostprocessing = 0;
		};
/* End PBXSourcesBuildPhase section */

/* Begin PBXTargetDependency section */
		CB88ADF42830DB8A0042587C /* PBXTargetDependency */ = {
			isa = PBXTargetDependency;
			target = CB88ADDB2830DB880042587C /* tsuproject */;
			targetProxy = CB88ADF32830DB8A0042587C /* PBXContainerItemProxy */;
		};
		CB88ADFE2830DB8A0042587C /* PBXTargetDependency */ = {
			isa = PBXTargetDependency;
			target = CB88ADDB2830DB880042587C /* tsuproject */;
			targetProxy = CB88ADFD2830DB8A0042587C /* PBXContainerItemProxy */;
		};
/* End PBXTargetDependency section */

/* Begin PBXVariantGroup section */
		CB88ADE52830DB880042587C /* Main.storyboard */ = {
			isa = PBXVariantGroup;
			children = (
				CB88ADE62830DB880042587C /* Base */,
			);
			name = Main.storyboard;
			sourceTree = "<group>";
		};
		CB88ADEA2830DB8A0042587C /* LaunchScreen.storyboard */ = {
			isa = PBXVariantGroup;
			children = (
				CB88ADEB2830DB8A0042587C /* Base */,
			);
			name = LaunchScreen.storyboard;
			sourceTree = "<group>";
		};
/* End PBXVariantGroup section */

/* Begin XCBuildConfiguration section */
		CB88AE042830DB8A0042587C /* Debug */ = {
			isa = XCBuildConfiguration;
			buildSettings = {
				ALWAYS_SEARCH_USER_PATHS = NO;
				CLANG_ANALYZER_NONNULL = YES;
				CLANG_ANALYZER_NUMBER_OBJECT_CONVERSION = YES_AGGRESSIVE;
				CLANG_CXX_LANGUAGE_STANDARD = "gnu++17";
				CLANG_CXX_LIBRARY = "libc++";
				CLANG_ENABLE_MODULES = YES;
				CLANG_ENABLE_OBJC_ARC = YES;
				CLANG_ENABLE_OBJC_WEAK = YES;
				CLANG_WARN_BLOCK_CAPTURE_AUTORELEASING = YES;
				CLANG_WARN_BOOL_CONVERSION = YES;
				CLANG_WARN_COMMA = YES;
				CLANG_WARN_CONSTANT_CONVERSION = YES;
				CLANG_WARN_DEPRECATED_OBJC_IMPLEMENTATIONS = YES;
				CLANG_WARN_DIRECT_OBJC_ISA_USAGE = YES_ERROR;
				CLANG_WARN_DOCUMENTATION_COMMENTS = YES;
				CLANG_WARN_EMPTY_BODY = YES;
				CLANG_WARN_ENUM_CONVERSION = YES;
				CLANG_WARN_INFINITE_RECURSION = YES;
				CLANG_WARN_INT_CONVERSION = YES;
				CLANG_WARN_NON_LITERAL_NULL_CONVERSION = YES;
				CLANG_WARN_OBJC_IMPLICIT_RETAIN_SELF = YES;
				CLANG_WARN_OBJC_LITERAL_CONVERSION = YES;
				CLANG_WARN_OBJC_ROOT_CLASS = YES_ERROR;
				CLANG_WARN_QUOTED_INCLUDE_IN_FRAMEWORK_HEADER = YES;
				CLANG_WARN_RANGE_LOOP_ANALYSIS = YES;
				CLANG_WARN_STRICT_PROTOTYPES = YES;
				CLANG_WARN_SUSPICIOUS_MOVE = YES;
				CLANG_WARN_UNGUARDED_AVAILABILITY = YES_AGGRESSIVE;
				CLANG_WARN_UNREACHABLE_CODE = YES;
				CLANG_WARN__DUPLICATE_METHOD_MATCH = YES;
				COPY_PHASE_STRIP = NO;
				DEBUG_INFORMATION_FORMAT = dwarf;
				ENABLE_STRICT_OBJC_MSGSEND = YES;
				ENABLE_TESTABILITY = YES;
				GCC_C_LANGUAGE_STANDARD = gnu11;
				GCC_DYNAMIC_NO_PIC = NO;
				GCC_NO_COMMON_BLOCKS = YES;
				GCC_OPTIMIZATION_LEVEL = 0;
				GCC_PREPROCESSOR_DEFINITIONS = (
					"DEBUG=1",
					"$(inherited)",
				);
				GCC_WARN_64_TO_32_BIT_CONVERSION = YES;
				GCC_WARN_ABOUT_RETURN_TYPE = YES_ERROR;
				GCC_WARN_UNDECLARED_SELECTOR = YES;
				GCC_WARN_UNINITIALIZED_AUTOS = YES_AGGRESSIVE;
				GCC_WARN_UNUSED_FUNCTION = YES;
				GCC_WARN_UNUSED_VARIABLE = YES;
				IPHONEOS_DEPLOYMENT_TARGET = 15.2;
				MTL_ENABLE_DEBUG_INFO = INCLUDE_SOURCE;
				MTL_FAST_MATH = YES;
				ONLY_ACTIVE_ARCH = YES;
				SDKROOT = iphoneos;
				SWIFT_ACTIVE_COMPILATION_CONDITIONS = DEBUG;
				SWIFT_OPTIMIZATION_LEVEL = "-Onone";
				SWIFT_PRECOMPILE_BRIDGING_HEADER = YES;
			};
			name = Debug;
		};
		CB88AE052830DB8A0042587C /* Release */ = {
			isa = XCBuildConfiguration;
			buildSettings = {
				ALWAYS_SEARCH_USER_PATHS = NO;
				CLANG_ANALYZER_NONNULL = YES;
				CLANG_ANALYZER_NUMBER_OBJECT_CONVERSION = YES_AGGRESSIVE;
				CLANG_CXX_LANGUAGE_STANDARD = "gnu++17";
				CLANG_CXX_LIBRARY = "libc++";
				CLANG_ENABLE_MODULES = YES;
				CLANG_ENABLE_OBJC_ARC = YES;
				CLANG_ENABLE_OBJC_WEAK = YES;
				CLANG_WARN_BLOCK_CAPTURE_AUTORELEASING = YES;
				CLANG_WARN_BOOL_CONVERSION = YES;
				CLANG_WARN_COMMA = YES;
				CLANG_WARN_CONSTANT_CONVERSION = YES;
				CLANG_WARN_DEPRECATED_OBJC_IMPLEMENTATIONS = YES;
				CLANG_WARN_DIRECT_OBJC_ISA_USAGE = YES_ERROR;
				CLANG_WARN_DOCUMENTATION_COMMENTS = YES;
				CLANG_WARN_EMPTY_BODY = YES;
				CLANG_WARN_ENUM_CONVERSION = YES;
				CLANG_WARN_INFINITE_RECURSION = YES;
				CLANG_WARN_INT_CONVERSION = YES;
				CLANG_WARN_NON_LITERAL_NULL_CONVERSION = YES;
				CLANG_WARN_OBJC_IMPLICIT_RETAIN_SELF = YES;
				CLANG_WARN_OBJC_LITERAL_CONVERSION = YES;
				CLANG_WARN_OBJC_ROOT_CLASS = YES_ERROR;
				CLANG_WARN_QUOTED_INCLUDE_IN_FRAMEWORK_HEADER = YES;
				CLANG_WARN_RANGE_LOOP_ANALYSIS = YES;
				CLANG_WARN_STRICT_PROTOTYPES = YES;
				CLANG_WARN_SUSPICIOUS_MOVE = YES;
				CLANG_WARN_UNGUARDED_AVAILABILITY = YES_AGGRESSIVE;
				CLANG_WARN_UNREACHABLE_CODE = YES;
				CLANG_WARN__DUPLICATE_METHOD_MATCH = YES;
				COPY_PHASE_STRIP = NO;
				DEBUG_INFORMATION_FORMAT = "dwarf-with-dsym";
				ENABLE_NS_ASSERTIONS = NO;
				ENABLE_STRICT_OBJC_MSGSEND = YES;
				GCC_C_LANGUAGE_STANDARD = gnu11;
				GCC_NO_COMMON_BLOCKS = YES;
				GCC_WARN_64_TO_32_BIT_CONVERSION = YES;
				GCC_WARN_ABOUT_RETURN_TYPE = YES_ERROR;
				GCC_WARN_UNDECLARED_SELECTOR = YES;
				GCC_WARN_UNINITIALIZED_AUTOS = YES_AGGRESSIVE;
				GCC_WARN_UNUSED_FUNCTION = YES;
				GCC_WARN_UNUSED_VARIABLE = YES;
				IPHONEOS_DEPLOYMENT_TARGET = 15.2;
				MTL_ENABLE_DEBUG_INFO = NO;
				MTL_FAST_MATH = YES;
				SDKROOT = iphoneos;
				SWIFT_COMPILATION_MODE = wholemodule;
				SWIFT_OPTIMIZATION_LEVEL = "-O";
				SWIFT_PRECOMPILE_BRIDGING_HEADER = YES;
				VALIDATE_PRODUCT = YES;
			};
			name = Release;
		};
		CB88AE072830DB8A0042587C /* Debug */ = {
			isa = XCBuildConfiguration;
			buildSettings = {
				ASSETCATALOG_COMPILER_APPICON_NAME = AppIcon;
				ASSETCATALOG_COMPILER_GLOBAL_ACCENT_COLOR_NAME = AccentColor;
				CLANG_ENABLE_MODULES = YES;
				CODE_SIGN_STYLE = Automatic;
				CURRENT_PROJECT_VERSION = 1;
				DEVELOPMENT_TEAM = 267U9TFXNQ;
				GENERATE_INFOPLIST_FILE = YES;
				INFOPLIST_FILE = tsuproject/Info.plist;
				INFOPLIST_KEY_CFBundleDisplayName = Tsuproyect;
				INFOPLIST_KEY_NSCameraUsageDescription = "This app wants to add photo";
				INFOPLIST_KEY_NSPhotoLibraryUsageDescription = "this app uses photo";
				INFOPLIST_KEY_UIApplicationSupportsIndirectInputEvents = YES;
				INFOPLIST_KEY_UILaunchStoryboardName = LaunchScreen;
				INFOPLIST_KEY_UIMainStoryboardFile = Main;
				INFOPLIST_KEY_UISupportedInterfaceOrientations_iPad = "UIInterfaceOrientationPortrait UIInterfaceOrientationPortraitUpsideDown UIInterfaceOrientationLandscapeLeft UIInterfaceOrientationLandscapeRight";
				INFOPLIST_KEY_UISupportedInterfaceOrientations_iPhone = "UIInterfaceOrientationPortrait UIInterfaceOrientationLandscapeLeft UIInterfaceOrientationLandscapeRight";
				LD_RUNPATH_SEARCH_PATHS = (
					"$(inherited)",
					"@executable_path/Frameworks",
				);
				MARKETING_VERSION = 1.0;
				PRODUCT_BUNDLE_IDENTIFIER = "-tsuproyect";
				PRODUCT_NAME = "$(TARGET_NAME)";
				SWIFT_EMIT_LOC_STRINGS = YES;
				SWIFT_OBJC_BRIDGING_HEADER = "";
				SWIFT_OPTIMIZATION_LEVEL = "-Onone";
				SWIFT_VERSION = 5.0;
				TARGETED_DEVICE_FAMILY = "1,2";
			};
			name = Debug;
		};
		CB88AE082830DB8A0042587C /* Release */ = {
			isa = XCBuildConfiguration;
			buildSettings = {
				ASSETCATALOG_COMPILER_APPICON_NAME = AppIcon;
				ASSETCATALOG_COMPILER_GLOBAL_ACCENT_COLOR_NAME = AccentColor;
				CLANG_ENABLE_MODULES = YES;
				CODE_SIGN_STYLE = Automatic;
				CURRENT_PROJECT_VERSION = 1;
				DEVELOPMENT_TEAM = 267U9TFXNQ;
				GENERATE_INFOPLIST_FILE = YES;
				INFOPLIST_FILE = tsuproject/Info.plist;
				INFOPLIST_KEY_CFBundleDisplayName = Tsuproyect;
				INFOPLIST_KEY_NSCameraUsageDescription = "This app wants to add photo";
				INFOPLIST_KEY_NSPhotoLibraryUsageDescription = "this app uses photo";
				INFOPLIST_KEY_UIApplicationSupportsIndirectInputEvents = YES;
				INFOPLIST_KEY_UILaunchStoryboardName = LaunchScreen;
				INFOPLIST_KEY_UIMainStoryboardFile = Main;
				INFOPLIST_KEY_UISupportedInterfaceOrientations_iPad = "UIInterfaceOrientationPortrait UIInterfaceOrientationPortraitUpsideDown UIInterfaceOrientationLandscapeLeft UIInterfaceOrientationLandscapeRight";
				INFOPLIST_KEY_UISupportedInterfaceOrientations_iPhone = "UIInterfaceOrientationPortrait UIInterfaceOrientationLandscapeLeft UIInterfaceOrientationLandscapeRight";
				LD_RUNPATH_SEARCH_PATHS = (
					"$(inherited)",
					"@executable_path/Frameworks",
				);
				MARKETING_VERSION = 1.0;
				PRODUCT_BUNDLE_IDENTIFIER = "-tsuproyect";
				PRODUCT_NAME = "$(TARGET_NAME)";
				SWIFT_EMIT_LOC_STRINGS = YES;
				SWIFT_OBJC_BRIDGING_HEADER = "";
				SWIFT_VERSION = 5.0;
				TARGETED_DEVICE_FAMILY = "1,2";
			};
			name = Release;
		};
		CB88AE0A2830DB8A0042587C /* Debug */ = {
			isa = XCBuildConfiguration;
			buildSettings = {
				ALWAYS_EMBED_SWIFT_STANDARD_LIBRARIES = YES;
				BUNDLE_LOADER = "$(TEST_HOST)";
				CODE_SIGN_STYLE = Automatic;
				CURRENT_PROJECT_VERSION = 1;
				DEVELOPMENT_TEAM = RMWZH63P7T;
				GENERATE_INFOPLIST_FILE = YES;
				IPHONEOS_DEPLOYMENT_TARGET = 15.2;
				MARKETING_VERSION = 1.0;
				PRODUCT_BUNDLE_IDENTIFIER = "-badi.tsuprojectTests";
				PRODUCT_NAME = "$(TARGET_NAME)";
				SWIFT_EMIT_LOC_STRINGS = NO;
				SWIFT_VERSION = 5.0;
				TARGETED_DEVICE_FAMILY = "1,2";
				TEST_HOST = "$(BUILT_PRODUCTS_DIR)/tsuproject.app/tsuproject";
			};
			name = Debug;
		};
		CB88AE0B2830DB8A0042587C /* Release */ = {
			isa = XCBuildConfiguration;
			buildSettings = {
				ALWAYS_EMBED_SWIFT_STANDARD_LIBRARIES = YES;
				BUNDLE_LOADER = "$(TEST_HOST)";
				CODE_SIGN_STYLE = Automatic;
				CURRENT_PROJECT_VERSION = 1;
				DEVELOPMENT_TEAM = RMWZH63P7T;
				GENERATE_INFOPLIST_FILE = YES;
				IPHONEOS_DEPLOYMENT_TARGET = 15.2;
				MARKETING_VERSION = 1.0;
				PRODUCT_BUNDLE_IDENTIFIER = "-badi.tsuprojectTests";
				PRODUCT_NAME = "$(TARGET_NAME)";
				SWIFT_EMIT_LOC_STRINGS = NO;
				SWIFT_VERSION = 5.0;
				TARGETED_DEVICE_FAMILY = "1,2";
				TEST_HOST = "$(BUILT_PRODUCTS_DIR)/tsuproject.app/tsuproject";
			};
			name = Release;
		};
		CB88AE0D2830DB8A0042587C /* Debug */ = {
			isa = XCBuildConfiguration;
			buildSettings = {
				ALWAYS_EMBED_SWIFT_STANDARD_LIBRARIES = YES;
				CODE_SIGN_STYLE = Automatic;
				CURRENT_PROJECT_VERSION = 1;
				DEVELOPMENT_TEAM = RMWZH63P7T;
				GENERATE_INFOPLIST_FILE = YES;
				MARKETING_VERSION = 1.0;
				PRODUCT_BUNDLE_IDENTIFIER = "-badi.tsuprojectUITests";
				PRODUCT_NAME = "$(TARGET_NAME)";
				SWIFT_EMIT_LOC_STRINGS = NO;
				SWIFT_VERSION = 5.0;
				TARGETED_DEVICE_FAMILY = "1,2";
				TEST_TARGET_NAME = tsuproject;
			};
			name = Debug;
		};
		CB88AE0E2830DB8A0042587C /* Release */ = {
			isa = XCBuildConfiguration;
			buildSettings = {
				ALWAYS_EMBED_SWIFT_STANDARD_LIBRARIES = YES;
				CODE_SIGN_STYLE = Automatic;
				CURRENT_PROJECT_VERSION = 1;
				DEVELOPMENT_TEAM = RMWZH63P7T;
				GENERATE_INFOPLIST_FILE = YES;
				MARKETING_VERSION = 1.0;
				PRODUCT_BUNDLE_IDENTIFIER = "-badi.tsuprojectUITests";
				PRODUCT_NAME = "$(TARGET_NAME)";
				SWIFT_EMIT_LOC_STRINGS = NO;
				SWIFT_VERSION = 5.0;
				TARGETED_DEVICE_FAMILY = "1,2";
				TEST_TARGET_NAME = tsuproject;
			};
			name = Release;
		};
/* End XCBuildConfiguration section */

/* Begin XCConfigurationList section */
		CB88ADD72830DB880042587C /* Build configuration list for PBXProject "tsuproject" */ = {
			isa = XCConfigurationList;
			buildConfigurations = (
				CB88AE042830DB8A0042587C /* Debug */,
				CB88AE052830DB8A0042587C /* Release */,
			);
			defaultConfigurationIsVisible = 0;
			defaultConfigurationName = Release;
		};
		CB88AE062830DB8A0042587C /* Build configuration list for PBXNativeTarget "tsuproject" */ = {
			isa = XCConfigurationList;
			buildConfigurations = (
				CB88AE072830DB8A0042587C /* Debug */,
				CB88AE082830DB8A0042587C /* Release */,
			);
			defaultConfigurationIsVisible = 0;
			defaultConfigurationName = Release;
		};
		CB88AE092830DB8A0042587C /* Build configuration list for PBXNativeTarget "tsuprojectTests" */ = {
			isa = XCConfigurationList;
			buildConfigurations = (
				CB88AE0A2830DB8A0042587C /* Debug */,
				CB88AE0B2830DB8A0042587C /* Release */,
			);
			defaultConfigurationIsVisible = 0;
			defaultConfigurationName = Release;
		};
		CB88AE0C2830DB8A0042587C /* Build configuration list for PBXNativeTarget "tsuprojectUITests" */ = {
			isa = XCConfigurationList;
			buildConfigurations = (
				CB88AE0D2830DB8A0042587C /* Debug */,
				CB88AE0E2830DB8A0042587C /* Release */,
			);
			defaultConfigurationIsVisible = 0;
			defaultConfigurationName = Release;
		};
/* End XCConfigurationList section */
	};
	rootObject = CB88ADD42830DB880042587C /* Project object */;
}
